
Microsoft Visual Studio Solution File, Format Version 12.00
# Visual Studio 2013
VisualStudioVersion = 12.0.21005.1
MinimumVisualStudioVersion = 10.0.40219.1
Project("{FAE04EC0-301F-11D3-BF4B-00C04F79EFBC}") = "KPIT", "KPIT\KPIT.csproj", "{837F8A5D-FF07-4385-A113-ECF9F2D5E7F0}"
EndProject
Project("{FAE04EC0-301F-11D3-BF4B-00C04F79EFBC}") = "BusinessObj", "BusinessObj\BusinessObj.csproj", "{1BE6BBF6-ABCC-4E56-945F-4E18C9758B0A}"
EndProject
Project("{FAE04EC0-301F-11D3-BF4B-00C04F79EFBC}") = "BusinessLogic", "BUsinessLogic\BusinessLogic.csproj", "{A16FD4DD-3543-4743-B419-FC87FC984602}"
EndProject
Project("{FAE04EC0-301F-11D3-BF4B-00C04F79EFBC}") = "DataAccess", "DataAccess\DataAccess.csproj", "{07CBE188-47E2-4B22-8B52-3A5E34C83C2D}"
EndProject
Project("{2150E333-8FDC-42A3-9474-1A3956D46DE8}") = ".nuget", ".nuget", "{58F31F1E-0513-4F09-A4AC-076D52EA0D66}"
	ProjectSection(SolutionItems) = preProject
		.nuget\packages.config = .nuget\packages.config
	EndProjectSection
EndProject
Global
	GlobalSection(SolutionConfigurationPlatforms) = preSolution
		Debug|Any CPU = Debug|Any CPU
		Release|Any CPU = Release|Any CPU
	EndGlobalSection
	GlobalSection(ProjectConfigurationPlatforms) = postSolution
		{837F8A5D-FF07-4385-A113-ECF9F2D5E7F0}.Debug|Any CPU.ActiveCfg = Debug|Any CPU
		{837F8A5D-FF07-4385-A113-ECF9F2D5E7F0}.Debug|Any CPU.Build.0 = Debug|Any CPU
		{837F8A5D-FF07-4385-A113-ECF9F2D5E7F0}.Release|Any CPU.ActiveCfg = Release|Any CPU
		{837F8A5D-FF07-4385-A113-ECF9F2D5E7F0}.Release|Any CPU.Build.0 = Release|Any CPU
		{1BE6BBF6-ABCC-4E56-945F-4E18C9758B0A}.Debug|Any CPU.ActiveCfg = Debug|Any CPU
		{1BE6BBF6-ABCC-4E56-945F-4E18C9758B0A}.Debug|Any CPU.Build.0 = Debug|Any CPU
		{1BE6BBF6-ABCC-4E56-945F-4E18C9758B0A}.Release|Any CPU.ActiveCfg = Release|Any CPU
		{1BE6BBF6-ABCC-4E56-945F-4E18C9758B0A}.Release|Any CPU.Build.0 = Release|Any CPU
		{A16FD4DD-3543-4743-B419-FC87FC984602}.Debug|Any CPU.ActiveCfg = Debug|Any CPU
		{A16FD4DD-3543-4743-B419-FC87FC984602}.Debug|Any CPU.Build.0 = Debug|Any CPU
		{A16FD4DD-3543-4743-B419-FC87FC984602}.Release|Any CPU.ActiveCfg = Release|Any CPU
		{A16FD4DD-3543-4743-B419-FC87FC984602}.Release|Any CPU.Build.0 = Release|Any CPU
		{07CBE188-47E2-4B22-8B52-3A5E34C83C2D}.Debug|Any CPU.ActiveCfg = Debug|Any CPU
		{07CBE188-47E2-4B22-8B52-3A5E34C83C2D}.Debug|Any CPU.Build.0 = Debug|Any CPU
		{07CBE188-47E2-4B22-8B52-3A5E34C83C2D}.Release|Any CPU.ActiveCfg = Release|Any CPU
		{07CBE188-47E2-4B22-8B52-3A5E34C83C2D}.Release|Any CPU.Build.0 = Release|Any CPU
	EndGlobalSection
	GlobalSection(SolutionProperties) = preSolution
		HideSolutionNode = FALSE
	EndGlobalSection
EndGlobal
